{
  "nodes": {
    "adobe": {
      "flake": false,
      "locked": {
        "narHash": "sha256-F1K2NPv2ndx0RQ41cTyXMdNKWjIqBI9pvtzL0VsbB7o=",
        "type": "file",
        "url": "https://blocklistproject.github.io/Lists/adobe.txt"
      },
      "original": {
        "type": "file",
        "url": "https://blocklistproject.github.io/Lists/adobe.txt"
      }
    },
    "ads": {
      "flake": false,
      "locked": {
        "narHash": "sha256-jkzw7dKtk7qq2YW8fXWMCn7pUMbOvstoe1irW7P/U6c=",
        "type": "file",
        "url": "https://blocklistproject.github.io/Lists/ads.txt"
      },
      "original": {
        "type": "file",
        "url": "https://blocklistproject.github.io/Lists/ads.txt"
      }
    },
    "amazonFireTV": {
      "flake": false,
      "locked": {
        "narHash": "sha256-Oki3RMwazzmF7vq0xp9Si3WiIg13AiSy3b5GK+w5CTg=",
        "type": "file",
        "url": "https://perflyst.github.io/PiHoleBlocklist/AmazonFireTV.txt"
      },
      "original": {
        "type": "file",
        "url": "https://perflyst.github.io/PiHoleBlocklist/AmazonFireTV.txt"
      }
    },
    "base16-schemes": {
      "flake": false,
      "locked": {
        "lastModified": 1696158499,
        "narHash": "sha256-5yIHgDTPjoX/3oDEfLSQ0eJZdFL1SaCfb9d6M0RmOTM=",
        "owner": "tinted-theming",
        "repo": "base16-schemes",
        "rev": "a9112eaae86d9dd8ee6bb9445b664fba2f94037a",
        "type": "github"
      },
      "original": {
        "owner": "tinted-theming",
        "repo": "base16-schemes",
        "type": "github"
      }
    },
    "catppuccin": {
      "inputs": {
        "nixpkgs": "nixpkgs"
      },
      "locked": {
        "lastModified": 1781857425,
        "narHash": "sha256-YhFPbCmdGis/4hwwt/ls4IZ8FR159EULbxWvv6U15+I=",
        "owner": "catppuccin",
        "repo": "nix",
        "rev": "8b943da8a0f8628f3446d2517ea39babcfaf27f3",
        "type": "github"
      },
      "original": {
        "owner": "catppuccin",
        "repo": "nix",
        "type": "github"
      }
    },
    "catppuccin-heroic": {
      "flake": false,
      "locked": {
        "lastModified": 1748271610,
        "narHash": "sha256-JcLvp/7F+lmU8FVkrMvgtnu087XLS1T3/3X6OrA/yOg=",
        "owner": "catppuccin",
        "repo": "heroic",
        "rev": "1248e2d24721aa1cc54f185b1b851826207a2b46",
        "type": "github"
      },
      "original": {
        "owner": "catppuccin",
        "repo": "heroic",
        "type": "github"
      }
    },
    "disko": {
      "inputs": {
        "nixpkgs": [
          "nixpkgs"
        ]
      },
      "locked": {
        "lastModified": 1781152676,
        "narHash": "sha256-RxWs5ND31KzTG7wvMM+PMfUjyNpmIEr999lqNARaM5o=",
        "owner": "nix-community",
        "repo": "disko",
        "rev": "ff8702b4de27f72b4c78573dfb89ec74e36abdf1",
        "type": "github"
      },
      "original": {
        "owner": "nix-community",
        "repo": "disko",
        "type": "github"
      }
    },
    "flake-compat": {
      "flake": false,
      "locked": {
        "lastModified": 1747046372,
        "narHash": "sha256-CIVLLkVgvHYbgI2UpXvIIBJ12HWgX+fjA8Xf8PUmqCY=",
        "owner": "edolstra",
        "repo": "flake-compat",
        "rev": "9100a0f413b0c601e0533d1d94ffd501ce2e7885",
        "type": "github"
      },
      "original": {
        "owner": "edolstra",
        "repo": "flake-compat",
        "type": "github"
      }
    },
    "home-manager": {
      "inputs": {
        "nixpkgs": [
          "nixpkgs"
        ]
      },
      "locked": {
        "lastModified": 1781844424,
        "narHash": "sha256-sWBr0D6eu6UhmtM87NOd4oOYilIclFXGDd/s7tVvO10=",
        "owner": "nix-community",
        "repo": "home-manager",
        "rev": "c804fab681f03ec772390af4421bcc9bce80c1d9",
        "type": "github"
      },
      "original": {
        "owner": "nix-community",
        "repo": "home-manager",
        "type": "github"
      }
    },
    "home-manager_2": {
      "inputs": {
        "nixpkgs": [
          "impermanence",
          "nixpkgs"
        ]
      },
      "locked": {
        "lastModified": 1768598210,
        "narHash": "sha256-kkgA32s/f4jaa4UG+2f8C225Qvclxnqs76mf8zvTVPg=",
        "owner": "nix-community",
        "repo": "home-manager",
        "rev": "c47b2cc64a629f8e075de52e4742de688f930dc6",
        "type": "github"
      },
      "original": {
        "owner": "nix-community",
        "repo": "home-manager",
        "type": "github"
      }
    },
    "impermanence": {
      "inputs": {
        "home-manager": "home-manager_2",
        "nixpkgs": "nixpkgs_2"
      },
      "locked": {
        "lastModified": 1769548169,
        "narHash": "sha256-03+JxvzmfwRu+5JafM0DLbxgHttOQZkUtDWBmeUkN8Y=",
        "owner": "nix-community",
        "repo": "impermanence",
        "rev": "7b1d382faf603b6d264f58627330f9faa5cba149",
        "type": "github"
      },
      "original": {
        "owner": "nix-community",
        "repo": "impermanence",
        "type": "github"
      }
    },
    "malware": {
      "flake": false,
      "locked": {
        "narHash": "sha256-OkC7yxt7xNO40pLnAKVsiWIXgASKK5dvHZpdvcThKPk=",
        "type": "file",
        "url": "https://blocklistproject.github.io/Lists/malware.txt"
      },
      "original": {
        "type": "file",
        "url": "https://blocklistproject.github.io/Lists/malware.txt"
      }
    },
    "nix-colors": {
      "inputs": {
        "base16-schemes": "base16-schemes",
        "nixpkgs-lib": "nixpkgs-lib"
      },
      "locked": {
        "lastModified": 1707825078,
        "narHash": "sha256-hTfge2J2W+42SZ7VHXkf4kjU+qzFqPeC9k66jAUBMHk=",
        "owner": "misterio77",
        "repo": "nix-colors",
        "rev": "b01f024090d2c4fc3152cd0cf12027a7b8453ba1",
        "type": "github"
      },
      "original": {
        "owner": "misterio77",
        "repo": "nix-colors",
        "type": "github"
      }
    },
    "nix-minecraft": {
      "inputs": {
        "flake-compat": "flake-compat",
        "nixpkgs": [
          "nixpkgs"
        ],
        "systems": "systems"
      },
      "locked": {
        "lastModified": 1780375694,
        "narHash": "sha256-TznzgYVONg28KiSFB2rVdf/eLVIMtEQOxKt13Kzyrp8=",
        "owner": "Infinidoge",
        "repo": "nix-minecraft",
        "rev": "e6f8bec35104ca5955efe73742da58d2823684f7",
        "type": "github"
      },
      "original": {
        "owner": "Infinidoge",
        "repo": "nix-minecraft",
        "type": "github"
      }
    },
    "nixlib": {
      "locked": {
        "lastModified": 1736643958,
        "narHash": "sha256-tmpqTSWVRJVhpvfSN9KXBvKEXplrwKnSZNAoNPf/S/s=",
        "owner": "nix-community",
        "repo": "nixpkgs.lib",
        "rev": "1418bc28a52126761c02dd3d89b2d8ca0f521181",
        "type": "github"
      },
      "original": {
        "owner": "nix-community",
        "repo": "nixpkgs.lib",
        "type": "github"
      }
    },
    "nixos-generators": {
      "inputs": {
        "nixlib": "nixlib",
        "nixpkgs": [
          "nixpkgs"
        ]
      },
      "locked": {
        "lastModified": 1769813415,
        "narHash": "sha256-nnVmNNKBi1YiBNPhKclNYDORoHkuKipoz7EtVnXO50A=",
        "owner": "nix-community",
        "repo": "nixos-generators",
        "rev": "8946737ff703382fda7623b9fab071d037e897d5",
        "type": "github"
      },
      "original": {
        "owner": "nix-community",
        "repo": "nixos-generators",
        "type": "github"
      }
    },
    "nixos-hardware": {
      "inputs": {
        "nixpkgs": "nixpkgs_3"
      },
      "locked": {
        "lastModified": 1781622756,
        "narHash": "sha256-JrPh4M6S7aPsEE9tOENuZrxC6o2szSLlK+t4+nLke9s=",
        "owner": "NixOS",
        "repo": "nixos-hardware",
        "rev": "08018c72174a4df5657f8d94178ac69fb9c243e5",
        "type": "github"
      },
      "original": {
        "owner": "NixOS",
        "ref": "master",
        "repo": "nixos-hardware",
        "type": "github"
      }
    },
    "nixpkgs": {
      "locked": {
        "lastModified": 1781607440,
        "narHash": "sha256-eM+l4TVD26SNoEjcxRcpispqZi5Qrqj/G0ZY4LfqwfM=",
        "rev": "3e41b24abd260e8f71dbe2f5737d24122f972158",
        "type": "tarball",
        "url": "https://releases.nixos.org/nixpkgs/nixpkgs-26.11pre1017567.3e41b24abd26/nixexprs.tar.xz"
      },
      "original": {
        "type": "tarball",
        "url": "https://channels.nixos.org/nixpkgs-unstable/nixexprs.tar.xz"
      }
    },
    "nixpkgs-lib": {
      "locked": {
        "lastModified": 1697935651,
        "narHash": "sha256-qOfWjQ2JQSQL15KLh6D7xQhx0qgZlYZTYlcEiRuAMMw=",
        "owner": "nix-community",
        "repo": "nixpkgs.lib",
        "rev": "e1e11fdbb01113d85c7f41cada9d2847660e3902",
        "type": "github"
      },
      "original": {
        "owner": "nix-community",
        "repo": "nixpkgs.lib",
        "type": "github"
      }
    },
    "nixpkgs-stable": {
      "locked": {
        "lastModified": 1781509190,
        "narHash": "sha256-uJZs9Di8I6ciTp6jiojj0HzlNpBkud8ax5aT/O5aJkw=",
        "owner": "NixOS",
        "repo": "nixpkgs",
        "rev": "d6df3513510aa548c83868fd22bfddd0a8c0a0d4",
        "type": "github"
      },
      "original": {
        "owner": "NixOS",
        "ref": "nixos-25.11",
        "repo": "nixpkgs",
        "type": "github"
      }
    },
    "nixpkgs_2": {
      "locked": {
        "lastModified": 1768564909,
        "narHash": "sha256-Kell/SpJYVkHWMvnhqJz/8DqQg2b6PguxVWOuadbHCc=",
        "owner": "nixos",
        "repo": "nixpkgs",
        "rev": "e4bae1bd10c9c57b2cf517953ab70060a828ee6f",
        "type": "github"
      },
      "original": {
        "owner": "nixos",
        "ref": "nixos-unstable",
        "repo": "nixpkgs",
        "type": "github"
      }
    },
    "nixpkgs_3": {
      "locked": {
        "lastModified": 1767892417,
        "narHash": "sha256-8bW3q88CEg2u4hSP66Vf4lpbLonHz7hqDNBMcCY7E9U=",
        "rev": "3497aa5c9457a9d88d71fa93a4a8368816fbeeba",
        "type": "tarball",
        "url": "https://releases.nixos.org/nixos/unstable/nixos-26.05pre924538.3497aa5c9457/nixexprs.tar.xz"
      },
      "original": {
        "type": "tarball",
        "url": "https://channels.nixos.org/nixos-unstable/nixexprs.tar.xz"
      }
    },
    "nixpkgs_4": {
      "locked": {
        "lastModified": 1781577229,
        "narHash": "sha256-lrp67w8AulE9Ks53n27I45ADSzbOCn4H+CNW1Ck8B+8=",
        "owner": "NixOS",
        "repo": "nixpkgs",
        "rev": "567a49d1913ce81ac6e9582e3553dd90a955875f",
        "type": "github"
      },
      "original": {
        "owner": "NixOS",
        "ref": "nixos-unstable",
        "repo": "nixpkgs",
        "type": "github"
      }
    },
    "oisd-big": {
      "flake": false,
      "locked": {
        "narHash": "sha256-aQR9pdGti56gC/h3KKEpjRMiJx19ux7D/TH1wNvloNs=",
        "type": "file",
        "url": "https://big.oisd.nl/"
      },
      "original": {
        "type": "file",
        "url": "https://big.oisd.nl/"
      }
    },
    "oisd-small": {
      "flake": false,
      "locked": {
        "narHash": "sha256-OGI0oPMxhBTrgjwVHcvrnYvshpZQugmZedGSpp7Q42g=",
        "type": "file",
        "url": "https://small.oisd.nl/"
      },
      "original": {
        "type": "file",
        "url": "https://small.oisd.nl/"
      }
    },
    "phishing": {
      "flake": false,
      "locked": {
        "narHash": "sha256-FtGb3dSOR2g/aFnvAX6XJZRFbbf18fmCuucZ3dgZXUU=",
        "type": "file",
        "url": "https://blocklistproject.github.io/Lists/phishing.txt"
      },
      "original": {
        "type": "file",
        "url": "https://blocklistproject.github.io/Lists/phishing.txt"
      }
    },
    "plasma-manager": {
      "inputs": {
        "home-manager": [
          "home-manager"
        ],
        "nixpkgs": [
          "nixpkgs"
        ]
      },
      "locked": {
        "lastModified": 1775856943,
        "narHash": "sha256-b7Mp7P+q2Md5AGt4rjHfMcBykzMumFTen10ST++AuTU=",
        "owner": "pjones",
        "repo": "plasma-manager",
        "rev": "a524a6160e6df89f7673ba293cf7d78b559eb1a5",
        "type": "github"
      },
      "original": {
        "owner": "pjones",
        "repo": "plasma-manager",
        "type": "github"
      }
    },
    "ransomware": {
      "flake": false,
      "locked": {
        "narHash": "sha256-dJ2Ki5fGmnIwxDrWuOxyFRWKf2mOUXlhhwXvCnqNz6U=",
        "type": "file",
        "url": "https://blocklistproject.github.io/Lists/ransomware.txt"
      },
      "original": {
        "type": "file",
        "url": "https://blocklistproject.github.io/Lists/ransomware.txt"
      }
    },
    "redirect": {
      "flake": false,
      "locked": {
        "narHash": "sha256-pgqMUt/lkvdGo+K1m/CAdb9ZuGW7NlMiE67MiPbWm38=",
        "type": "file",
        "url": "https://blocklistproject.github.io/Lists/redirect.txt"
      },
      "original": {
        "type": "file",
        "url": "https://blocklistproject.github.io/Lists/redirect.txt"
      }
    },
    "root": {
      "inputs": {
        "adobe": "adobe",
        "ads": "ads",
        "amazonFireTV": "amazonFireTV",
        "catppuccin": "catppuccin",
        "catppuccin-heroic": "catppuccin-heroic",
        "disko": "disko",
        "home-manager": "home-manager",
        "impermanence": "impermanence",
        "malware": "malware",
        "nix-colors": "nix-colors",
        "nix-minecraft": "nix-minecraft",
        "nixos-generators": "nixos-generators",
        "nixos-hardware": "nixos-hardware",
        "nixpkgs": "nixpkgs_4",
        "nixpkgs-stable": "nixpkgs-stable",
        "oisd-big": "oisd-big",
        "oisd-small": "oisd-small",
        "phishing": "phishing",
        "plasma-manager": "plasma-manager",
        "ransomware": "ransomware",
        "redirect": "redirect",
        "scam": "scam",
        "smart-tv": "smart-tv",
        "sops-nix": "sops-nix",
        "stevenBlack": "stevenBlack",
        "tiktok": "tiktok",
        "tracking": "tracking",
        "weishaupt-modbus": "weishaupt-modbus"
      }
    },
    "scam": {
      "flake": false,
      "locked": {
        "narHash": "sha256-RDsfJWBRB3QDNAW2AGdINhaBbzWIUC3Y3kmKuI3ab38=",
        "type": "file",
        "url": "https://blocklistproject.github.io/Lists/scam.txt"
      },
      "original": {
        "type": "file",
        "url": "https://blocklistproject.github.io/Lists/scam.txt"
      }
    },
    "smart-tv": {
      "flake": false,
      "locked": {
        "narHash": "sha256-CunpVGd3r0rmN+d6XSn8YUF503LWhmq00s6eWxWuPH8=",
        "type": "file",
        "url": "https://blocklistproject.github.io/Lists/smart-tv.txt"
      },
      "original": {
        "type": "file",
        "url": "https://blocklistproject.github.io/Lists/smart-tv.txt"
      }
    },
    "sops-nix": {
      "inputs": {
        "nixpkgs": [
          "nixpkgs"
        ]
      },
      "locked": {
        "lastModified": 1780547341,
        "narHash": "sha256-Gq8KNx5A7hBB3uGJaj6eQfLDIz5YdLu92gqBcvHvoUo=",
        "owner": "Mic92",
        "repo": "sops-nix",
        "rev": "9ed65852b6257fbeae4355bc24ecfea307ca759a",
        "type": "github"
      },
      "original": {
        "owner": "Mic92",
        "repo": "sops-nix",
        "type": "github"
      }
    },
    "stevenBlack": {
      "flake": false,
      "locked": {
        "narHash": "sha256-AbVBTo7CnH8onGLe5gmQp9EAaxhelAb5w1vZ2hcVS0g=",
        "type": "file",
        "url": "https://raw.githubusercontent.com/StevenBlack/hosts/master/hosts"
      },
      "original": {
        "type": "file",
        "url": "https://raw.githubusercontent.com/StevenBlack/hosts/master/hosts"
      }
    },
    "systems": {
      "locked": {
        "lastModified": 1681028828,
        "narHash": "sha256-Vy1rq5AaRuLzOxct8nz4T6wlgyUR7zLU309k9mBC768=",
        "owner": "nix-systems",
        "repo": "default",
        "rev": "da67096a3b9bf56a91d16901293e51ba5b49a27e",
        "type": "github"
      },
      "original": {
        "owner": "nix-systems",
        "repo": "default",
        "type": "github"
      }
    },
    "tiktok": {
      "flake": false,
      "locked": {
        "narHash": "sha256-NI5g8kxIdEfwZ08y2p8r36mKDfCVwIP0ET0/jTrwAc8=",
        "type": "file",
        "url": "https://blocklistproject.github.io/Lists/tiktok.txt"
      },
      "original": {
        "type": "file",
        "url": "https://blocklistproject.github.io/Lists/tiktok.txt"
      }
    },
    "tracking": {
      "flake": false,
      "locked": {
        "narHash": "sha256-mZKjZ6dm8YZ1JDOpddosHJy83fkX+bHBBo+EgjzAIAs=",
        "type": "file",
        "url": "https://blocklistproject.github.io/Lists/tracking.txt"
      },
      "original": {
        "type": "file",
        "url": "https://blocklistproject.github.io/Lists/tracking.txt"
      }
    },
    "weishaupt-modbus": {
      "flake": false,
      "locked": {
        "lastModified": 1781035782,
        "narHash": "sha256-QGMk4v3YeyeGK9PGQ7uYhPriQRmP4fGRD7t6PsagHZU=",
        "owner": "OStrama",
        "repo": "weishaupt_modbus",
        "rev": "2b8c103b7fc80d9b530aafca0d00c55c7269be26",
        "type": "github"
      },
      "original": {
        "owner": "OStrama",
        "repo": "weishaupt_modbus",
        "type": "github"
      }
    }
  },
  "root": "root",
  "version": 7
}
